github.com/Chemita1983/euromillones-generator v0.0.0-20250909093225-f23b8ace1186 h1:Q2jQENg23DJMmWg9ADuiG5cejD3Z+FvhGo+JTqwjph4=
github.com/Chemita1983/euromillones-generator v0.0.0-20250909093225-f23b8ace1186/go.mod h1:SrMgSqsIq9AuH0CGTfeVeCkFHt8J8FYiUDMWfEyIn/0=
github.com/Chemita1983/euromillones-generator v0.0.0-20250909094533-013775638c1d h1:VI4KxVkwCAHZEt+Fg/sVaoWNOTBNKcOof9PlSiB53L0=
github.com/Chemita1983/euromillones-generator v0.0.0-20250909094533-013775638c1d/go.mod h1:SrMgSqsIq9AuH0CGTfeVeCkFHt8J8FYiUDMWfEyIn/0=
